
Microsoft Visual Studio Solution File, Format Version 12.00
# Visual Studio Version 17
VisualStudioVersion = 17.10.35013.160
MinimumVisualStudioVersion = 10.0.40219.1
Project("{2150E333-8FDC-42A3-9474-1A3956D46DE8}") = "WinForms", "WinForms", "{07921324-6A0C-4297-8788-6616B3300D3A}"
	ProjectSection(SolutionItems) = preProject
		..\SH_GitHub\VIZCore3DX.NET\WinForms\VIZCore3DX.NET.SectionBoxSize\VIZZARD.ico = ..\SH_GitHub\VIZCore3DX.NET\WinForms\VIZCore3DX.NET.SectionBoxSize\VIZZARD.ico
	EndProjectSection
EndProject
Project("{FAE04EC0-301F-11D3-BF4B-00C04F79EFBC}") = "VIZCoreXD.NET.Canvas", "WinForms\VIZCoreXD.NET.Canvas\VIZCoreXD.NET.Canvas.csproj", "{A21DF358-4128-4D71-9C09-5ABBC79684EE}"
EndProject
Project("{FAE04EC0-301F-11D3-BF4B-00C04F79EFBC}") = "VIZCoreXD.NET.Drawing", "WinForms\VIZCoreXD.NET.Drawing\VIZCoreXD.NET.Drawing.csproj", "{174AA2B2-E629-4176-B44D-3FCF290DD93A}"
EndProject
Project("{FAE04EC0-301F-11D3-BF4B-00C04F79EFBC}") = "VIZCoreXD.NET.Level", "WinForms\VIZCoreXD.NET.Level\VIZCoreXD.NET.Level.csproj", "{0339D3D5-2162-42CC-B341-937D1D0BEA37}"
EndProject
Project("{FAE04EC0-301F-11D3-BF4B-00C04F79EFBC}") = "VIZCoreXD.NET.Measure2D", "WinForms\VIZCoreXD.NET.Measure2D\VIZCoreXD.NET.Measure2D.csproj", "{DF655A15-B394-4767-B2DB-7B835E1C8113}"
EndProject
Project("{FAE04EC0-301F-11D3-BF4B-00C04F79EFBC}") = "VIZCoreXD.NET.MeasurePoint", "WinForms\VIZCoreXD.NET.MeasurePoint\VIZCoreXD.NET.MeasurePoint.csproj", "{CA7C6E89-72EB-4DFD-99B1-241C4C8AEE2D}"
EndProject
Project("{FAE04EC0-301F-11D3-BF4B-00C04F79EFBC}") = "VIZCoreXD.NET.MeasurePointBase", "WinForms\VIZCoreXD.NET.MeasurePointBase\VIZCoreXD.NET.MeasurePointBase.csproj", "{E7BCC27C-B216-44E5-ABE4-8A2513837625}"
EndProject
Project("{FAE04EC0-301F-11D3-BF4B-00C04F79EFBC}") = "VIZCoreXD.NET.Object", "WinForms\VIZCoreXD.NET.Object\VIZCoreXD.NET.Object.csproj", "{EB911EB2-2987-4EA3-B9BC-CEF07397E130}"
EndProject
Project("{FAE04EC0-301F-11D3-BF4B-00C04F79EFBC}") = "VIZCoreXD.NET.Table", "WinForms\VIZCoreXD.NET.Table\VIZCoreXD.NET.Table.csproj", "{BBBE6331-147B-43CD-A57A-36B8371A6E00}"
EndProject
Global
	GlobalSection(SolutionConfigurationPlatforms) = preSolution
		Debug|Any CPU = Debug|Any CPU
		Release|Any CPU = Release|Any CPU
	EndGlobalSection
	GlobalSection(ProjectConfigurationPlatforms) = postSolution
		{A21DF358-4128-4D71-9C09-5ABBC79684EE}.Debug|Any CPU.ActiveCfg = Debug|Any CPU
		{A21DF358-4128-4D71-9C09-5ABBC79684EE}.Debug|Any CPU.Build.0 = Debug|Any CPU
		{A21DF358-4128-4D71-9C09-5ABBC79684EE}.Release|Any CPU.ActiveCfg = Release|Any CPU
		{A21DF358-4128-4D71-9C09-5ABBC79684EE}.Release|Any CPU.Build.0 = Release|Any CPU
		{174AA2B2-E629-4176-B44D-3FCF290DD93A}.Debug|Any CPU.ActiveCfg = Debug|Any CPU
		{174AA2B2-E629-4176-B44D-3FCF290DD93A}.Debug|Any CPU.Build.0 = Debug|Any CPU
		{174AA2B2-E629-4176-B44D-3FCF290DD93A}.Release|Any CPU.ActiveCfg = Release|Any CPU
		{174AA2B2-E629-4176-B44D-3FCF290DD93A}.Release|Any CPU.Build.0 = Release|Any CPU
		{0339D3D5-2162-42CC-B341-937D1D0BEA37}.Debug|Any CPU.ActiveCfg = Debug|Any CPU
		{0339D3D5-2162-42CC-B341-937D1D0BEA37}.Debug|Any CPU.Build.0 = Debug|Any CPU
		{0339D3D5-2162-42CC-B341-937D1D0BEA37}.Release|Any CPU.ActiveCfg = Release|Any CPU
		{0339D3D5-2162-42CC-B341-937D1D0BEA37}.Release|Any CPU.Build.0 = Release|Any CPU
		{DF655A15-B394-4767-B2DB-7B835E1C8113}.Debug|Any CPU.ActiveCfg = Debug|Any CPU
		{DF655A15-B394-4767-B2DB-7B835E1C8113}.Debug|Any CPU.Build.0 = Debug|Any CPU
		{DF655A15-B394-4767-B2DB-7B835E1C8113}.Release|Any CPU.ActiveCfg = Release|Any CPU
		{DF655A15-B394-4767-B2DB-7B835E1C8113}.Release|Any CPU.Build.0 = Release|Any CPU
		{CA7C6E89-72EB-4DFD-99B1-241C4C8AEE2D}.Debug|Any CPU.ActiveCfg = Debug|Any CPU
		{CA7C6E89-72EB-4DFD-99B1-241C4C8AEE2D}.Debug|Any CPU.Build.0 = Debug|Any CPU
		{CA7C6E89-72EB-4DFD-99B1-241C4C8AEE2D}.Release|Any CPU.ActiveCfg = Release|Any CPU
		{CA7C6E89-72EB-4DFD-99B1-241C4C8AEE2D}.Release|Any CPU.Build.0 = Release|Any CPU
		{E7BCC27C-B216-44E5-ABE4-8A2513837625}.Debug|Any CPU.ActiveCfg = Debug|Any CPU
		{E7BCC27C-B216-44E5-ABE4-8A2513837625}.Debug|Any CPU.Build.0 = Debug|Any CPU
		{E7BCC27C-B216-44E5-ABE4-8A2513837625}.Release|Any CPU.ActiveCfg = Release|Any CPU
		{E7BCC27C-B216-44E5-ABE4-8A2513837625}.Release|Any CPU.Build.0 = Release|Any CPU
		{EB911EB2-2987-4EA3-B9BC-CEF07397E130}.Debug|Any CPU.ActiveCfg = Debug|Any CPU
		{EB911EB2-2987-4EA3-B9BC-CEF07397E130}.Debug|Any CPU.Build.0 = Debug|Any CPU
		{EB911EB2-2987-4EA3-B9BC-CEF07397E130}.Release|Any CPU.ActiveCfg = Release|Any CPU
		{EB911EB2-2987-4EA3-B9BC-CEF07397E130}.Release|Any CPU.Build.0 = Release|Any CPU
		{BBBE6331-147B-43CD-A57A-36B8371A6E00}.Debug|Any CPU.ActiveCfg = Debug|Any CPU
		{BBBE6331-147B-43CD-A57A-36B8371A6E00}.Debug|Any CPU.Build.0 = Debug|Any CPU
		{BBBE6331-147B-43CD-A57A-36B8371A6E00}.Release|Any CPU.ActiveCfg = Release|Any CPU
		{BBBE6331-147B-43CD-A57A-36B8371A6E00}.Release|Any CPU.Build.0 = Release|Any CPU
	EndGlobalSection
	GlobalSection(SolutionProperties) = preSolution
		HideSolutionNode = FALSE
	EndGlobalSection
	GlobalSection(NestedProjects) = preSolution
		{A21DF358-4128-4D71-9C09-5ABBC79684EE} = {07921324-6A0C-4297-8788-6616B3300D3A}
		{174AA2B2-E629-4176-B44D-3FCF290DD93A} = {07921324-6A0C-4297-8788-6616B3300D3A}
		{0339D3D5-2162-42CC-B341-937D1D0BEA37} = {07921324-6A0C-4297-8788-6616B3300D3A}
		{DF655A15-B394-4767-B2DB-7B835E1C8113} = {07921324-6A0C-4297-8788-6616B3300D3A}
		{CA7C6E89-72EB-4DFD-99B1-241C4C8AEE2D} = {07921324-6A0C-4297-8788-6616B3300D3A}
		{E7BCC27C-B216-44E5-ABE4-8A2513837625} = {07921324-6A0C-4297-8788-6616B3300D3A}
		{EB911EB2-2987-4EA3-B9BC-CEF07397E130} = {07921324-6A0C-4297-8788-6616B3300D3A}
		{BBBE6331-147B-43CD-A57A-36B8371A6E00} = {07921324-6A0C-4297-8788-6616B3300D3A}
	EndGlobalSection
	GlobalSection(ExtensibilityGlobals) = postSolution
		SolutionGuid = {23E7C937-F77D-4FDE-9BDB-B26D7722DF5C}
	EndGlobalSection
EndGlobal
